<?xml version="1.0" encoding="utf-8"?>
<Project ToolsVersion="4.0" xmlns="http://schemas.microsoft.com/developer/msbuild/2003">
  <ItemGroup>
    <Filter Include="Source Files">
      <UniqueIdentifier>{4FC737F1-C7A5-4376-A066-2A32D752A2FF}</UniqueIdentifier>
      <Extensions>cpp;c;cc;cxx;def;odl;idl;hpj;bat;asm;asmx</Extensions>
    </Filter>
    <Filter Include="Header Files">
      <UniqueIdentifier>{93995380-89BD-4b04-88EB-625FBE52EBFB}</UniqueIdentifier>
      <Extensions>h;hh;hpp;hxx;hm;inl;inc;xsd</Extensions>
    </Filter>
    <Filter Include="Resource Files">
      <UniqueIdentifier>{67DA6AB6-F800-4c08-8B7A-83BB121AAD01}</UniqueIdentifier>
      <Extensions>rc;ico;cur;bmp;dlg;rc2;rct;bin;rgs;gif;jpg;jpeg;jpe;resx;tiff;tif;png;wav</Extensions>
    </Filter>
  </ItemGroup>
  <ItemGroup>
    <ClCompile Include="trt_zero_model.cc">
      <Filter>Source Files</Filter>
    </ClCompile>
    <ClCompile Include="byo_yomi_timer.cc">
      <Filter>Source Files</Filter>
    </ClCompile>
    <ClCompile Include="mcts_config.cc">
      <Filter>Source Files</Filter>
    </ClCompile>
    <ClCompile Include="mcts_debugger.cc">
      <Filter>Source Files</Filter>
    </ClCompile>
    <ClCompile Include="mcts_engine.cc">
      <Filter>Source Files</Filter>
    </ClCompile>
    <ClCompile Include="mcts_main.cc">
      <Filter>Source Files</Filter>
    </ClCompile>
    <ClCompile Include="mcts_monitor.cc">
      <Filter>Source Files</Filter>
    </ClCompile>
    <ClCompile Include="async_dist_zero_model_client.cc">
      <Filter>Source Files</Filter>
    </ClCompile>
    <ClCompile Include="dist_zero_model_client.cc">
      <Filter>Source Files</Filter>
    </ClCompile>
    <ClCompile Include="leaky_bucket.cc">
      <Filter>Source Files</Filter>
    </ClCompile>
    <ClCompile Include="go_comm.cc">
      <Filter>Source Files</Filter>
    </ClCompile>
    <ClCompile Include="go_state.cc">
      <Filter>Source Files</Filter>
    </ClCompile>
    <ClCompile Include="str_utils.cc">
      <Filter>Source Files</Filter>
    </ClCompile>
    <ClCompile Include="thread_conductor.cc">
      <Filter>Source Files</Filter>
    </ClCompile>
    <ClCompile Include="timer.cc">
      <Filter>Source Files</Filter>
    </ClCompile>
    <ClCompile Include="wait_group.cc">
      <Filter>Source Files</Filter>
    </ClCompile>
    <ClCompile Include="model_config.pb.cc">
      <Filter>Source Files</Filter>
    </ClCompile>
    <ClCompile Include="mcts_config.pb.cc">
      <Filter>Source Files</Filter>
    </ClCompile>
    <ClCompile Include="dist_zero_model.grpc.pb.cc">
      <Filter>Source Files</Filter>
    </ClCompile>
    <ClCompile Include="dist_zero_model.pb.cc">
      <Filter>Source Files</Filter>
    </ClCompile>
    <ClCompile Include="dist_config.pb.cc">
      <Filter>Source Files</Filter>
    </ClCompile>
  </ItemGroup>
  <ItemGroup>
    <ClInclude Include="trt_zero_model.h">
      <Filter>Header Files</Filter>
    </ClInclude>
    <ClInclude Include="zero_model_base.h">
      <Filter>Header Files</Filter>
    </ClInclude>
    <ClInclude Include="byo_yomi_timer.h">
      <Filter>Header Files</Filter>
    </ClInclude>
    <ClInclude Include="mcts_config.h">
      <Filter>Header Files</Filter>
    </ClInclude>
    <ClInclude Include="mcts_debugger.h">
      <Filter>Header Files</Filter>
    </ClInclude>
    <ClInclude Include="mcts_engine.h">
      <Filter>Header Files</Filter>
    </ClInclude>
    <ClInclude Include="mcts_monitor.h">
      <Filter>Header Files</Filter>
    </ClInclude>
    <ClInclude Include="async_dist_zero_model_client.h">
      <Filter>Header Files</Filter>
    </ClInclude>
    <ClInclude Include="async_rpc_queue.h">
      <Filter>Header Files</Filter>
    </ClInclude>
    <ClInclude Include="dist_zero_model_client.h">
      <Filter>Header Files</Filter>
    </ClInclude>
    <ClInclude Include="leaky_bucket.h">
      <Filter>Header Files</Filter>
    </ClInclude>
    <ClInclude Include="errordef.h">
      <Filter>Header Files</Filter>
    </ClInclude>
    <ClInclude Include="go_comm.h">
      <Filter>Header Files</Filter>
    </ClInclude>
    <ClInclude Include="go_state.h">
      <Filter>Header Files</Filter>
    </ClInclude>
    <ClInclude Include="str_utils.h">
      <Filter>Header Files</Filter>
    </ClInclude>
    <ClInclude Include="task_queue.h">
      <Filter>Header Files</Filter>
    </ClInclude>
    <ClInclude Include="thread_conductor.h">
      <Filter>Header Files</Filter>
    </ClInclude>
    <ClInclude Include="timer.h">
      <Filter>Header Files</Filter>
    </ClInclude>
    <ClInclude Include="wait_group.h">
      <Filter>Header Files</Filter>
    </ClInclude>
    <ClInclude Include="model_config.pb.h">
      <Filter>Header Files</Filter>
    </ClInclude>
    <ClInclude Include="mcts_config.pb.h">
      <Filter>Header Files</Filter>
    </ClInclude>
    <ClInclude Include="dist_zero_model.pb.h">
      <Filter>Header Files</Filter>
    </ClInclude>
    <ClInclude Include="dist_zero_model.grpc.pb.h">
      <Filter>Header Files</Filter>
    </ClInclude>
    <ClInclude Include="dist_config.pb.h">
      <Filter>Header Files</Filter>
    </ClInclude>
  </ItemGroup>
  <ItemGroup>
  </ItemGroup>
</Project>